
Microsoft Visual Studio Solution File, Format Version 12.00
# Visual Studio Version 17
VisualStudioVersion = 17.8.34316.72
MinimumVisualStudioVersion = 10.0.40219.1
Project("{FAE04EC0-301F-11D3-BF4B-00C04F79EFBC}") = "rest_reviews", "rest_reviews\rest_reviews.csproj", "{650D566E-742A-4635-8F57-1877A6C38720}"
EndProject
Global
	GlobalSection(SolutionConfigurationPlatforms) = preSolution
		Debug|Any CPU = Debug|Any CPU
		Release|Any CPU = Release|Any CPU
	EndGlobalSection
	GlobalSection(ProjectConfigurationPlatforms) = postSolution
		{650D566E-742A-4635-8F57-1877A6C38720}.Debug|Any CPU.ActiveCfg = Debug|Any CPU
		{650D566E-742A-4635-8F57-1877A6C38720}.Debug|Any CPU.Build.0 = Debug|Any CPU
		{650D566E-742A-4635-8F57-1877A6C38720}.Release|Any CPU.ActiveCfg = Release|Any CPU
		{650D566E-742A-4635-8F57-1877A6C38720}.Release|Any CPU.Build.0 = Release|Any CPU
	EndGlobalSection
	GlobalSection(SolutionProperties) = preSolution
		HideSolutionNode = FALSE
	EndGlobalSection
	GlobalSection(ExtensibilityGlobals) = postSolution
		SolutionGuid = {F6B7EFCF-2783-468A-B04A-9318CB24DB2F}
	EndGlobalSection
EndGlobal
